// !$*UTF8*$!
{
	archiveVersion = 1;
	classes = {
	};
	objectVersion = 50;
	objects = {

/* Begin PBXBuildFile section */
		A23CF797211981A700A76E8F /* AppDelegate.swift in Sources */ = {isa = PBXBuildFile; fileRef = A23CF796211981A700A76E8F /* AppDelegate.swift */; };
		A23CF799211981A700A76E8F /* ViewController.swift in Sources */ = {isa = PBXBuildFile; fileRef = A23CF798211981A700A76E8F /* ViewController.swift */; };
		A23CF79C211981A700A76E8F /* Main.storyboard in Resources */ = {isa = PBXBuildFile; fileRef = A23CF79A211981A700A76E8F /* Main.storyboard */; };
		A23CF79F211981A700A76E8F /* Yasma.xcdatamodeld in Sources */ = {isa = PBXBuildFile; fileRef = A23CF79D211981A700A76E8F /* Yasma.xcdatamodeld */; };
		A23CF7A1211981A900A76E8F /* Assets.xcassets in Resources */ = {isa = PBXBuildFile; fileRef = A23CF7A0211981A900A76E8F /* Assets.xcassets */; };
		A23CF7A4211981A900A76E8F /* LaunchScreen.storyboard in Resources */ = {isa = PBXBuildFile; fileRef = A23CF7A2211981A900A76E8F /* LaunchScreen.storyboard */; };
		A23CF7AF211981AA00A76E8F /* YasmaTests.swift in Sources */ = {isa = PBXBuildFile; fileRef = A23CF7AE211981AA00A76E8F /* YasmaTests.swift */; };
		A23CF7BA211981AA00A76E8F /* YasmaUITests.swift in Sources */ = {isa = PBXBuildFile; fileRef = A23CF7B9211981AA00A76E8F /* YasmaUITests.swift */; };
/* End PBXBuildFile section */

/* Begin PBXContainerItemProxy section */
		A23CF7AB211981AA00A76E8F /* PBXContainerItemProxy */ = {
			isa = PBXContainerItemProxy;
			containerPortal = A23CF78B211981A600A76E8F /* Project object */;
			proxyType = 1;
			remoteGlobalIDString = A23CF792211981A700A76E8F;
			remoteInfo = Yasma;
		};
		A23CF7B6211981AA00A76E8F /* PBXContainerItemProxy */ = {
			isa = PBXContainerItemProxy;
			containerPortal = A23CF78B211981A600A76E8F /* Project object */;
			proxyType = 1;
			remoteGlobalIDString = A23CF792211981A700A76E8F;
			remoteInfo = Yasma;
		};
/* End PBXContainerItemProxy section */

/* Begin PBXFileReference section */
		A23CF793211981A700A76E8F /* Yasma.app */ = {isa = PBXFileReference; explicitFileType = wrapper.application; includeInIndex = 0; path = Yasma.app; sourceTree = BUILT_PRODUCTS_DIR; };
		A23CF796211981A700A76E8F /* AppDelegate.swift */ = {isa = PBXFileReference; lastKnownFileType = sourcecode.swift; path = AppDelegate.swift; sourceTree = "<group>"; };
		A23CF798211981A700A76E8F /* ViewController.swift */ = {isa = PBXFileReference; lastKnownFileType = sourcecode.swift; path = ViewController.swift; sourceTree = "<group>"; };
		A23CF79B211981A700A76E8F /* Base */ = {isa = PBXFileReference; lastKnownFileType = file.storyboard; name = Base; path = Base.lproj/Main.storyboard; sourceTree = "<group>"; };
		A23CF79E211981A700A76E8F /* Yasma.xcdatamodel */ = {isa = PBXFileReference; lastKnownFileType = wrapper.xcdatamodel; path = Yasma.xcdatamodel; sourceTree = "<group>"; };
		A23CF7A0211981A900A76E8F /* Assets.xcassets */ = {isa = PBXFileReference; lastKnownFileType = folder.assetcatalog; path = Assets.xcassets; sourceTree = "<group>"; };
		A23CF7A3211981A900A76E8F /* Base */ = {isa = PBXFileReference; lastKnownFileType = file.storyboard; name = Base; path = Base.lproj/LaunchScreen.storyboard; sourceTree = "<group>"; };
		A23CF7A5211981A900A76E8F /* Info.plist */ = {isa = PBXFileReference; lastKnownFileType = text.plist.xml; path = Info.plist; sourceTree = "<group>"; };
		A23CF7AA211981AA00A76E8F /* YasmaTests.xctest */ = {isa = PBXFileReference; explicitFileType = wrapper.cfbundle; includeInIndex = 0; path = YasmaTests.xctest; sourceTree = BUILT_PRODUCTS_DIR; };
		A23CF7AE211981AA00A76E8F /* YasmaTests.swift */ = {isa = PBXFileReference; lastKnownFileType = sourcecode.swift; path = YasmaTests.swift; sourceTree = "<group>"; };
		A23CF7B0211981AA00A76E8F /* Info.plist */ = {isa = PBXFileReference; lastKnownFileType = text.plist.xml; path = Info.plist; sourceTree = "<group>"; };
		A23CF7B5211981AA00A76E8F /* YasmaUITests.xctest */ = {isa = PBXFileReference; explicitFileType = wrapper.cfbundle; includeInIndex = 0; path = YasmaUITests.xctest; sourceTree = BUILT_PRODUCTS_DIR; };
		A23CF7B9211981AA00A76E8F /* YasmaUITests.swift */ = {isa = PBXFileReference; lastKnownFileType = sourcecode.swift; path = YasmaUITests.swift; sourceTree = "<group>"; };
		A23CF7BB211981AA00A76E8F /* Info.plist */ = {isa = PBXFileReference; lastKnownFileType = text.plist.xml; path = Info.plist; sourceTree = "<group>"; };
/* End PBXFileReference section */

/* Begin PBXFrameworksBuildPhase section */
		A23CF790211981A700A76E8F /* Frameworks */ = {
			isa = PBXFrameworksBuildPhase;
			buildActionMask = 2147483647;
			files = (
			);
			runOnlyForDeploymentPostprocessing = 0;
		};
		A23CF7A7211981AA00A76E8F /* Frameworks */ = {
			isa = PBXFrameworksBuildPhase;
			buildActionMask = 2147483647;
			files = (
			);
			runOnlyForDeploymentPostprocessing = 0;
		};
		A23CF7B2211981AA00A76E8F /* Frameworks */ = {
			isa = PBXFrameworksBuildPhase;
			buildActionMask = 2147483647;
			files = (
			);
			runOnlyForDeploymentPostprocessing = 0;
		};
/* End PBXFrameworksBuildPhase section */

/* Begin PBXGroup section */
		A23CF78A211981A600A76E8F = {
			isa = PBXGroup;
			children = (
				A23CF795211981A700A76E8F /* Yasma */,
				A23CF7AD211981AA00A76E8F /* YasmaTests */,
				A23CF7B8211981AA00A76E8F /* YasmaUITests */,
				A23CF794211981A700A76E8F /* Products */,
			);
			sourceTree = "<group>";
		};
		A23CF794211981A700A76E8F /* Products */ = {
			isa = PBXGroup;
			children = (
				A23CF793211981A700A76E8F /* Yasma.app */,
				A23CF7AA211981AA00A76E8F /* YasmaTests.xctest */,
				A23CF7B5211981AA00A76E8F /* YasmaUITests.xctest */,
			);
			name = Products;
			sourceTree = "<group>";
		};
		A23CF795211981A700A76E8F /* Yasma */ = {
			isa = PBXGroup;
			children = (
				A23CF796211981A700A76E8F /* AppDelegate.swift */,
				A23CF798211981A700A76E8F /* ViewController.swift */,
				A23CF79A211981A700A76E8F /* Main.storyboard */,
				A23CF7A0211981A900A76E8F /* Assets.xcassets */,
				A23CF7A2211981A900A76E8F /* LaunchScreen.storyboard */,
				A23CF7A5211981A900A76E8F /* Info.plist */,
				A23CF79D211981A700A76E8F /* Yasma.xcdatamodeld */,
			);
			path = Yasma;
			sourceTree = "<group>";
		};
		A23CF7AD211981AA00A76E8F /* YasmaTests */ = {
			isa = PBXGroup;
			children = (
				A23CF7AE211981AA00A76E8F /* YasmaTests.swift */,
				A23CF7B0211981AA00A76E8F /* Info.plist */,
			);
			path = YasmaTests;
			sourceTree = "<group>";
		};
		A23CF7B8211981AA00A76E8F /* YasmaUITests */ = {
			isa = PBXGroup;
			children = (
				A23CF7B9211981AA00A76E8F /* YasmaUITests.swift */,
				A23CF7BB211981AA00A76E8F /* Info.plist */,
			);
			path = YasmaUITests;
			sourceTree = "<group>";
		};
/* End PBXGroup section */

/* Begin PBXNativeTarget section */
		A23CF792211981A700A76E8F /* Yasma */ = {
			isa = PBXNativeTarget;
			buildConfigurationList = A23CF7BE211981AA00A76E8F /* Build configuration list for PBXNativeTarget "Yasma" */;
			buildPhases = (
				A23CF78F211981A700A76E8F /* Sources */,
				A23CF790211981A700A76E8F /* Frameworks */,
				A23CF791211981A700A76E8F /* Resources */,
			);
			buildRules = (
			);
			dependencies = (
			);
			name = Yasma;
			productName = Yasma;
			productReference = A23CF793211981A700A76E8F /* Yasma.app */;
			productType = "com.apple.product-type.application";
		};
		A23CF7A9211981AA00A76E8F /* YasmaTests */ = {
			isa = PBXNativeTarget;
			buildConfigurationList = A23CF7C1211981AA00A76E8F /* Build configuration list for PBXNativeTarget "YasmaTests" */;
			buildPhases = (
				A23CF7A6211981AA00A76E8F /* Sources */,
				A23CF7A7211981AA00A76E8F /* Frameworks */,
				A23CF7A8211981AA00A76E8F /* Resources */,
			);
			buildRules = (
			);
			dependencies = (
				A23CF7AC211981AA00A76E8F /* PBXTargetDependency */,
			);
			name = YasmaTests;
			productName = YasmaTests;
			productReference = A23CF7AA211981AA00A76E8F /* YasmaTests.xctest */;
			productType = "com.apple.product-type.bundle.unit-test";
		};
		A23CF7B4211981AA00A76E8F /* YasmaUITests */ = {
			isa = PBXNativeTarget;
			buildConfigurationList = A23CF7C4211981AA00A76E8F /* Build configuration list for PBXNativeTarget "YasmaUITests" */;
			buildPhases = (
				A23CF7B1211981AA00A76E8F /* Sources */,
				A23CF7B2211981AA00A76E8F /* Frameworks */,
				A23CF7B3211981AA00A76E8F /* Resources */,
			);
			buildRules = (
			);
			dependencies = (
				A23CF7B7211981AA00A76E8F /* PBXTargetDependency */,
			);
			name = YasmaUITests;
			productName = YasmaUITests;
			productReference = A23CF7B5211981AA00A76E8F /* YasmaUITests.xctest */;
			productType = "com.apple.product-type.bundle.ui-testing";
		};
/* End PBXNativeTarget section */

/* Begin PBXProject section */
		A23CF78B211981A600A76E8F /* Project object */ = {
			isa = PBXProject;
			attributes = {
				LastSwiftUpdateCheck = 0940;
				LastUpgradeCheck = 0940;
				ORGANIZATIONNAME = kanagasabapathy;
				TargetAttributes = {
					A23CF792211981A700A76E8F = {
						CreatedOnToolsVersion = 9.4.1;
					};
					A23CF7A9211981AA00A76E8F = {
						CreatedOnToolsVersion = 9.4.1;
						TestTargetID = A23CF792211981A700A76E8F;
					};
					A23CF7B4211981AA00A76E8F = {
						CreatedOnToolsVersion = 9.4.1;
						TestTargetID = A23CF792211981A700A76E8F;
					};
				};
			};
			buildConfigurationList = A23CF78E211981A600A76E8F /* Build configuration list for PBXProject "Yasma" */;
			compatibilityVersion = "Xcode 9.3";
			developmentRegion = en;
			hasScannedForEncodings = 0;
			knownRegions = (
				en,
				Base,
			);
			mainGroup = A23CF78A211981A600A76E8F;
			productRefGroup = A23CF794211981A700A76E8F /* Products */;
			projectDirPath = "";
			projectRoot = "";
			targets = (
				A23CF792211981A700A76E8F /* Yasma */,
				A23CF7A9211981AA00A76E8F /* YasmaTests */,
				A23CF7B4211981AA00A76E8F /* YasmaUITests */,
			);
		};
/* End PBXProject section */

/* Begin PBXResourcesBuildPhase section */
		A23CF791211981A700A76E8F /* Resources */ = {
			isa = PBXResourcesBuildPhase;
			buildActionMask = 2147483647;
			files = (
				A23CF7A4211981A900A76E8F /* LaunchScreen.storyboard in Resources */,
				A23CF7A1211981A900A76E8F /* Assets.xcassets in Resources */,
				A23CF79C211981A700A76E8F /* Main.storyboard in Resources */,
			);
			runOnlyForDeploymentPostprocessing = 0;
		};
		A23CF7A8211981AA00A76E8F /* Resources */ = {
			isa = PBXResourcesBuildPhase;
			buildActionMask = 2147483647;
			files = (
			);
			runOnlyForDeploymentPostprocessing = 0;
		};
		A23CF7B3211981AA00A76E8F /* Resources */ = {
			isa = PBXResourcesBuildPhase;
			buildActionMask = 2147483647;
			files = (
			);
			runOnlyForDeploymentPostprocessing = 0;
		};
/* End PBXResourcesBuildPhase section */

/* Begin PBXSourcesBuildPhase section */
		A23CF78F211981A700A76E8F /* Sources */ = {
			isa = PBXSourcesBuildPhase;
			buildActionMask = 2147483647;
			files = (
				A23CF799211981A700A76E8F /* ViewController.swift in Sources */,
				A23CF797211981A700A76E8F /* AppDelegate.swift in Sources */,
				A23CF79F211981A700A76E8F /* Yasma.xcdatamodeld in Sources */,
			);
			runOnlyForDeploymentPostprocessing = 0;
		};
		A23CF7A6211981AA00A76E8F /* Sources */ = {
			isa = PBXSourcesBuildPhase;
			buildActionMask = 2147483647;
			files = (
				A23CF7AF211981AA00A76E8F /* YasmaTests.swift in Sources */,
			);
			runOnlyForDeploymentPostprocessing = 0;
		};
		A23CF7B1211981AA00A76E8F /* Sources */ = {
			isa = PBXSourcesBuildPhase;
			buildActionMask = 2147483647;
			files = (
				A23CF7BA211981AA00A76E8F /* YasmaUITests.swift in Sources */,
			);
			runOnlyForDeploymentPostprocessing = 0;
		};
/* End PBXSourcesBuildPhase section */

/* Begin PBXTargetDependency section */
		A23CF7AC211981AA00A76E8F /* PBXTargetDependency */ = {
			isa = PBXTargetDependency;
			target = A23CF792211981A700A76E8F /* Yasma */;
			targetProxy = A23CF7AB211981AA00A76E8F /* PBXContainerItemProxy */;
		};
		A23CF7B7211981AA00A76E8F /* PBXTargetDependency */ = {
			isa = PBXTargetDependency;
			target = A23CF792211981A700A76E8F /* Yasma */;
			targetProxy = A23CF7B6211981AA00A76E8F /* PBXContainerItemProxy */;
		};
/* End PBXTargetDependency section */

/* Begin PBXVariantGroup section */
		A23CF79A211981A700A76E8F /* Main.storyboard */ = {
			isa = PBXVariantGroup;
			children = (
				A23CF79B211981A700A76E8F /* Base */,
			);
			name = Main.storyboard;
			sourceTree = "<group>";
		};
		A23CF7A2211981A900A76E8F /* LaunchScreen.storyboard */ = {
			isa = PBXVariantGroup;
			children = (
				A23CF7A3211981A900A76E8F /* Base */,
			);
			name = LaunchScreen.storyboard;
			sourceTree = "<group>";
		};
/* End PBXVariantGroup section */

/* Begin XCBuildConfiguration section */
		A23CF7BC211981AA00A76E8F /* Debug */ = {
			isa = XCBuildConfiguration;
			buildSettings = {
				ALWAYS_SEARCH_USER_PATHS = NO;
				CLANG_ANALYZER_NONNULL = YES;
				CLANG_ANALYZER_NUMBER_OBJECT_CONVERSION = YES_AGGRESSIVE;
				CLANG_CXX_LANGUAGE_STANDARD = "gnu++14";
				CLANG_CXX_LIBRARY = "libc++";
				CLANG_ENABLE_MODULES = YES;
				CLANG_ENABLE_OBJC_ARC = YES;
				CLANG_ENABLE_OBJC_WEAK = YES;
				CLANG_WARN_BLOCK_CAPTURE_AUTORELEASING = YES;
				CLANG_WARN_BOOL_CONVERSION = YES;
				CLANG_WARN_COMMA = YES;
				CLANG_WARN_CONSTANT_CONVERSION = YES;
				CLANG_WARN_DEPRECATED_OBJC_IMPLEMENTATIONS = YES;
				CLANG_WARN_DIRECT_OBJC_ISA_USAGE = YES_ERROR;
				CLANG_WARN_DOCUMENTATION_COMMENTS = YES;
				CLANG_WARN_EMPTY_BODY = YES;
				CLANG_WARN_ENUM_CONVERSION = YES;
				CLANG_WARN_INFINITE_RECURSION = YES;
				CLANG_WARN_INT_CONVERSION = YES;
				CLANG_WARN_NON_LITERAL_NULL_CONVERSION = YES;
				CLANG_WARN_OBJC_IMPLICIT_RETAIN_SELF = YES;
				CLANG_WARN_OBJC_LITERAL_CONVERSION = YES;
				CLANG_WARN_OBJC_ROOT_CLASS = YES_ERROR;
				CLANG_WARN_RANGE_LOOP_ANALYSIS = YES;
				CLANG_WARN_STRICT_PROTOTYPES = YES;
				CLANG_WARN_SUSPICIOUS_MOVE = YES;
				CLANG_WARN_UNGUARDED_AVAILABILITY = YES_AGGRESSIVE;
				CLANG_WARN_UNREACHABLE_CODE = YES;
				CLANG_WARN__DUPLICATE_METHOD_MATCH = YES;
				CODE_SIGN_IDENTITY = "iPhone Developer";
				COPY_PHASE_STRIP = NO;
				DEBUG_INFORMATION_FORMAT = dwarf;
				ENABLE_STRICT_OBJC_MSGSEND = YES;
				ENABLE_TESTABILITY = YES;
				GCC_C_LANGUAGE_STANDARD = gnu11;
				GCC_DYNAMIC_NO_PIC = NO;
				GCC_NO_COMMON_BLOCKS = YES;
				GCC_OPTIMIZATION_LEVEL = 0;
				GCC_PREPROCESSOR_DEFINITIONS = (
					"DEBUG=1",
					"$(inherited)",
				);
				GCC_WARN_64_TO_32_BIT_CONVERSION = YES;
				GCC_WARN_ABOUT_RETURN_TYPE = YES_ERROR;
				GCC_WARN_UNDECLARED_SELECTOR = YES;
				GCC_WARN_UNINITIALIZED_AUTOS = YES_AGGRESSIVE;
				GCC_WARN_UNUSED_FUNCTION = YES;
				GCC_WARN_UNUSED_VARIABLE = YES;
				IPHONEOS_DEPLOYMENT_TARGET = 11.4;
				MTL_ENABLE_DEBUG_INFO = YES;
				ONLY_ACTIVE_ARCH = YES;
				SDKROOT = iphoneos;
				SWIFT_ACTIVE_COMPILATION_CONDITIONS = DEBUG;
				SWIFT_OPTIMIZATION_LEVEL = "-Onone";
			};
			name = Debug;
		};
		A23CF7BD211981AA00A76E8F /* Release */ = {
			isa = XCBuildConfiguration;
			buildSettings = {
				ALWAYS_SEARCH_USER_PATHS = NO;
				CLANG_ANALYZER_NONNULL = YES;
				CLANG_ANALYZER_NUMBER_OBJECT_CONVERSION = YES_AGGRESSIVE;
				CLANG_CXX_LANGUAGE_STANDARD = "gnu++14";
				CLANG_CXX_LIBRARY = "libc++";
				CLANG_ENABLE_MODULES = YES;
				CLANG_ENABLE_OBJC_ARC = YES;
				CLANG_ENABLE_OBJC_WEAK = YES;
				CLANG_WARN_BLOCK_CAPTURE_AUTORELEASING = YES;
				CLANG_WARN_BOOL_CONVERSION = YES;
				CLANG_WARN_COMMA = YES;
				CLANG_WARN_CONSTANT_CONVERSION = YES;
				CLANG_WARN_DEPRECATED_OBJC_IMPLEMENTATIONS = YES;
				CLANG_WARN_DIRECT_OBJC_ISA_USAGE = YES_ERROR;
				CLANG_WARN_DOCUMENTATION_COMMENTS = YES;
				CLANG_WARN_EMPTY_BODY = YES;
				CLANG_WARN_ENUM_CONVERSION = YES;
				CLANG_WARN_INFINITE_RECURSION = YES;
				CLANG_WARN_INT_CONVERSION = YES;
				CLANG_WARN_NON_LITERAL_NULL_CONVERSION = YES;
				CLANG_WARN_OBJC_IMPLICIT_RETAIN_SELF = YES;
				CLANG_WARN_OBJC_LITERAL_CONVERSION = YES;
				CLANG_WARN_OBJC_ROOT_CLASS = YES_ERROR;
				CLANG_WARN_RANGE_LOOP_ANALYSIS = YES;
				CLANG_WARN_STRICT_PROTOTYPES = YES;
				CLANG_WARN_SUSPICIOUS_MOVE = YES;
				CLANG_WARN_UNGUARDED_AVAILABILITY = YES_AGGRESSIVE;
				CLANG_WARN_UNREACHABLE_CODE = YES;
				CLANG_WARN__DUPLICATE_METHOD_MATCH = YES;
				CODE_SIGN_IDENTITY = "iPhone Developer";
				COPY_PHASE_STRIP = NO;
				DEBUG_INFORMATION_FORMAT = "dwarf-with-dsym";
				ENABLE_NS_ASSERTIONS = NO;
				ENABLE_STRICT_OBJC_MSGSEND = YES;
				GCC_C_LANGUAGE_STANDARD = gnu11;
				GCC_NO_COMMON_BLOCKS = YES;
				GCC_WARN_64_TO_32_BIT_CONVERSION = YES;
				GCC_WARN_ABOUT_RETURN_TYPE = YES_ERROR;
				GCC_WARN_UNDECLARED_SELECTOR = YES;
				GCC_WARN_UNINITIALIZED_AUTOS = YES_AGGRESSIVE;
				GCC_WARN_UNUSED_FUNCTION = YES;
				GCC_WARN_UNUSED_VARIABLE = YES;
				IPHONEOS_DEPLOYMENT_TARGET = 11.4;
				MTL_ENABLE_DEBUG_INFO = NO;
				SDKROOT = iphoneos;
				SWIFT_COMPILATION_MODE = wholemodule;
				SWIFT_OPTIMIZATION_LEVEL = "-O";
				VALIDATE_PRODUCT = YES;
			};
			name = Release;
		};
		A23CF7BF211981AA00A76E8F /* Debug */ = {
			isa = XCBuildConfiguration;
			buildSettings = {
				ASSETCATALOG_COMPILER_APPICON_NAME = AppIcon;
				CODE_SIGN_STYLE = Automatic;
				INFOPLIST_FILE = Yasma/Info.plist;
				LD_RUNPATH_SEARCH_PATHS = (
					"$(inherited)",
					"@executable_path/Frameworks",
				);
				PRODUCT_BUNDLE_IDENTIFIER = com.masterview.Yasma;
				PRODUCT_NAME = "$(TARGET_NAME)";
				SWIFT_VERSION = 4.0;
				TARGETED_DEVICE_FAMILY = "1,2";
			};
			name = Debug;
		};
		A23CF7C0211981AA00A76E8F /* Release */ = {
			isa = XCBuildConfiguration;
			buildSettings = {
				ASSETCATALOG_COMPILER_APPICON_NAME = AppIcon;
				CODE_SIGN_STYLE = Automatic;
				INFOPLIST_FILE = Yasma/Info.plist;
				LD_RUNPATH_SEARCH_PATHS = (
					"$(inherited)",
					"@executable_path/Frameworks",
				);
				PRODUCT_BUNDLE_IDENTIFIER = com.masterview.Yasma;
				PRODUCT_NAME = "$(TARGET_NAME)";
				SWIFT_VERSION = 4.0;
				TARGETED_DEVICE_FAMILY = "1,2";
			};
			name = Release;
		};
		A23CF7C2211981AA00A76E8F /* Debug */ = {
			isa = XCBuildConfiguration;
			buildSettings = {
				ALWAYS_EMBED_SWIFT_STANDARD_LIBRARIES = YES;
				BUNDLE_LOADER = "$(TEST_HOST)";
				CODE_SIGN_STYLE = Automatic;
				INFOPLIST_FILE = YasmaTests/Info.plist;
				LD_RUNPATH_SEARCH_PATHS = (
					"$(inherited)",
					"@executable_path/Frameworks",
					"@loader_path/Frameworks",
				);
				PRODUCT_BUNDLE_IDENTIFIER = com.masterview.YasmaTests;
				PRODUCT_NAME = "$(TARGET_NAME)";
				SWIFT_VERSION = 4.0;
				TARGETED_DEVICE_FAMILY = "1,2";
				TEST_HOST = "$(BUILT_PRODUCTS_DIR)/Yasma.app/Yasma";
			};
			name = Debug;
		};
		A23CF7C3211981AA00A76E8F /* Release */ = {
			isa = XCBuildConfiguration;
			buildSettings = {
				ALWAYS_EMBED_SWIFT_STANDARD_LIBRARIES = YES;
				BUNDLE_LOADER = "$(TEST_HOST)";
				CODE_SIGN_STYLE = Automatic;
				INFOPLIST_FILE = YasmaTests/Info.plist;
				LD_RUNPATH_SEARCH_PATHS = (
					"$(inherited)",
					"@executable_path/Frameworks",
					"@loader_path/Frameworks",
				);
				PRODUCT_BUNDLE_IDENTIFIER = com.masterview.YasmaTests;
				PRODUCT_NAME = "$(TARGET_NAME)";
				SWIFT_VERSION = 4.0;
				TARGETED_DEVICE_FAMILY = "1,2";
				TEST_HOST = "$(BUILT_PRODUCTS_DIR)/Yasma.app/Yasma";
			};
			name = Release;
		};
		A23CF7C5211981AA00A76E8F /* Debug */ = {
			isa = XCBuildConfiguration;
			buildSettings = {
				ALWAYS_EMBED_SWIFT_STANDARD_LIBRARIES = YES;
				CODE_SIGN_STYLE = Automatic;
				INFOPLIST_FILE = YasmaUITests/Info.plist;
				LD_RUNPATH_SEARCH_PATHS = (
					"$(inherited)",
					"@executable_path/Frameworks",
					"@loader_path/Frameworks",
				);
				PRODUCT_BUNDLE_IDENTIFIER = com.masterview.YasmaUITests;
				PRODUCT_NAME = "$(TARGET_NAME)";
				SWIFT_VERSION = 4.0;
				TARGETED_DEVICE_FAMILY = "1,2";
				TEST_TARGET_NAME = Yasma;
			};
			name = Debug;
		};
		A23CF7C6211981AA00A76E8F /* Release */ = {
			isa = XCBuildConfiguration;
			buildSettings = {
				ALWAYS_EMBED_SWIFT_STANDARD_LIBRARIES = YES;
				CODE_SIGN_STYLE = Automatic;
				INFOPLIST_FILE = YasmaUITests/Info.plist;
				LD_RUNPATH_SEARCH_PATHS = (
					"$(inherited)",
					"@executable_path/Frameworks",
					"@loader_path/Frameworks",
				);
				PRODUCT_BUNDLE_IDENTIFIER = com.masterview.YasmaUITests;
				PRODUCT_NAME = "$(TARGET_NAME)";
				SWIFT_VERSION = 4.0;
				TARGETED_DEVICE_FAMILY = "1,2";
				TEST_TARGET_NAME = Yasma;
			};
			name = Release;
		};
/* End XCBuildConfiguration section */

/* Begin XCConfigurationList section */
		A23CF78E211981A600A76E8F /* Build configuration list for PBXProject "Yasma" */ = {
			isa = XCConfigurationList;
			buildConfigurations = (
				A23CF7BC211981AA00A76E8F /* Debug */,
				A23CF7BD211981AA00A76E8F /* Release */,
			);
			defaultConfigurationIsVisible = 0;
			defaultConfigurationName = Release;
		};
		A23CF7BE211981AA00A76E8F /* Build configuration list for PBXNativeTarget "Yasma" */ = {
			isa = XCConfigurationList;
			buildConfigurations = (
				A23CF7BF211981AA00A76E8F /* Debug */,
				A23CF7C0211981AA00A76E8F /* Release */,
			);
			defaultConfigurationIsVisible = 0;
			defaultConfigurationName = Release;
		};
		A23CF7C1211981AA00A76E8F /* Build configuration list for PBXNativeTarget "YasmaTests" */ = {
			isa = XCConfigurationList;
			buildConfigurations = (
				A23CF7C2211981AA00A76E8F /* Debug */,
				A23CF7C3211981AA00A76E8F /* Release */,
			);
			defaultConfigurationIsVisible = 0;
			defaultConfigurationName = Release;
		};
		A23CF7C4211981AA00A76E8F /* Build configuration list for PBXNativeTarget "YasmaUITests" */ = {
			isa = XCConfigurationList;
			buildConfigurations = (
				A23CF7C5211981AA00A76E8F /* Debug */,
				A23CF7C6211981AA00A76E8F /* Release */,
			);
			defaultConfigurationIsVisible = 0;
			defaultConfigurationName = Release;
		};
/* End XCConfigurationList section */

/* Begin XCVersionGroup section */
		A23CF79D211981A700A76E8F /* Yasma.xcdatamodeld */ = {
			isa = XCVersionGroup;
			children = (
				A23CF79E211981A700A76E8F /* Yasma.xcdatamodel */,
			);
			currentVersion = A23CF79E211981A700A76E8F /* Yasma.xcdatamodel */;
			path = Yasma.xcdatamodeld;
			sourceTree = "<group>";
			versionGroupType = wrapper.xcdatamodel;
		};
/* End XCVersionGroup section */
	};
	rootObject = A23CF78B211981A600A76E8F /* Project object */;
}
