// !$*UTF8*$!
{
	archiveVersion = 1;
	classes = {
	};
	objectVersion = 50;
	objects = {

/* Begin PBXBuildFile section */
		279A499F48295F712FC3C363 /* Pods_YasmaUITests.framework in Frameworks */ = {isa = PBXBuildFile; fileRef = 87A78DF6E7F6838E882DFB59 /* Pods_YasmaUITests.framework */; };
		A2075357211C7AB800206026 /* PostViewModel.swift in Sources */ = {isa = PBXBuildFile; fileRef = A2075356211C7AB700206026 /* PostViewModel.swift */; };
		A207535C211C7B0C00206026 /* PostModel.swift in Sources */ = {isa = PBXBuildFile; fileRef = A207535B211C7B0C00206026 /* PostModel.swift */; };
		A2075361211C9F2200206026 /* PostTableViewCell.swift in Sources */ = {isa = PBXBuildFile; fileRef = A2075360211C9F2200206026 /* PostTableViewCell.swift */; };
		A2075365211CA16F00206026 /* ViewRouter.swift in Sources */ = {isa = PBXBuildFile; fileRef = A2075364211CA16F00206026 /* ViewRouter.swift */; };
		A2075367211CA23700206026 /* PostViewRouter.swift in Sources */ = {isa = PBXBuildFile; fileRef = A2075366211CA23700206026 /* PostViewRouter.swift */; };
		A2075369211CA2A900206026 /* PostPresenter.swift in Sources */ = {isa = PBXBuildFile; fileRef = A2075368211CA2A900206026 /* PostPresenter.swift */; };
		A207536B211CA2DA00206026 /* PostConfigurator.swift in Sources */ = {isa = PBXBuildFile; fileRef = A207536A211CA2DA00206026 /* PostConfigurator.swift */; };
		A207536D211CC2A100206026 /* Post.swift in Sources */ = {isa = PBXBuildFile; fileRef = A207536C211CC2A100206026 /* Post.swift */; };
		A207536F211CD14F00206026 /* PostGateway.swift in Sources */ = {isa = PBXBuildFile; fileRef = A207536E211CD14F00206026 /* PostGateway.swift */; };
		A2075371211CD4E700206026 /* Result.swift in Sources */ = {isa = PBXBuildFile; fileRef = A2075370211CD4E700206026 /* Result.swift */; };
		A2075373211CD5E500206026 /* APIPostGateway.swift in Sources */ = {isa = PBXBuildFile; fileRef = A2075372211CD5E500206026 /* APIPostGateway.swift */; };
		A23CF797211981A700A76E8F /* AppDelegate.swift in Sources */ = {isa = PBXBuildFile; fileRef = A23CF796211981A700A76E8F /* AppDelegate.swift */; };
		A23CF799211981A700A76E8F /* ViewController.swift in Sources */ = {isa = PBXBuildFile; fileRef = A23CF798211981A700A76E8F /* ViewController.swift */; };
		A23CF79C211981A700A76E8F /* Main.storyboard in Resources */ = {isa = PBXBuildFile; fileRef = A23CF79A211981A700A76E8F /* Main.storyboard */; };
		A23CF79F211981A700A76E8F /* Yasma.xcdatamodeld in Sources */ = {isa = PBXBuildFile; fileRef = A23CF79D211981A700A76E8F /* Yasma.xcdatamodeld */; };
		A23CF7A1211981A900A76E8F /* Assets.xcassets in Resources */ = {isa = PBXBuildFile; fileRef = A23CF7A0211981A900A76E8F /* Assets.xcassets */; };
		A23CF7A4211981A900A76E8F /* LaunchScreen.storyboard in Resources */ = {isa = PBXBuildFile; fileRef = A23CF7A2211981A900A76E8F /* LaunchScreen.storyboard */; };
		A23CF7AF211981AA00A76E8F /* YasmaTests.swift in Sources */ = {isa = PBXBuildFile; fileRef = A23CF7AE211981AA00A76E8F /* YasmaTests.swift */; };
		A23CF7BA211981AA00A76E8F /* YasmaUITests.swift in Sources */ = {isa = PBXBuildFile; fileRef = A23CF7B9211981AA00A76E8F /* YasmaUITests.swift */; };
		A23CF7C82119CB7000A76E8F /* PostViewController.swift in Sources */ = {isa = PBXBuildFile; fileRef = A23CF7C72119CB7000A76E8F /* PostViewController.swift */; };
		A23CF7CA2119CB7F00A76E8F /* AlbumViewController.swift in Sources */ = {isa = PBXBuildFile; fileRef = A23CF7C92119CB7F00A76E8F /* AlbumViewController.swift */; };
		A23CF7CC2119CC7400A76E8F /* PostDetailViewController.swift in Sources */ = {isa = PBXBuildFile; fileRef = A23CF7CB2119CC7400A76E8F /* PostDetailViewController.swift */; };
		A23CF7CE2119CC8200A76E8F /* AlbumDetailViewController.swift in Sources */ = {isa = PBXBuildFile; fileRef = A23CF7CD2119CC8200A76E8F /* AlbumDetailViewController.swift */; };
		A23CF7D12119D8FE00A76E8F /* Webservice.swift in Sources */ = {isa = PBXBuildFile; fileRef = A23CF7D02119D8FE00A76E8F /* Webservice.swift */; };
		C584698D7B023D2AEB3C7FDC /* Pods_YasmaTests.framework in Frameworks */ = {isa = PBXBuildFile; fileRef = 1ACB46285429EEE26728F883 /* Pods_YasmaTests.framework */; };
		F8A1A9E18C6F76E9258CB1DB /* Pods_Yasma.framework in Frameworks */ = {isa = PBXBuildFile; fileRef = 1DA5AB3A26BF2762C4C023BA /* Pods_Yasma.framework */; };
/* End PBXBuildFile section */

/* Begin PBXContainerItemProxy section */
		A23CF7AB211981AA00A76E8F /* PBXContainerItemProxy */ = {
			isa = PBXContainerItemProxy;
			containerPortal = A23CF78B211981A600A76E8F /* Project object */;
			proxyType = 1;
			remoteGlobalIDString = A23CF792211981A700A76E8F;
			remoteInfo = Yasma;
		};
		A23CF7B6211981AA00A76E8F /* PBXContainerItemProxy */ = {
			isa = PBXContainerItemProxy;
			containerPortal = A23CF78B211981A600A76E8F /* Project object */;
			proxyType = 1;
			remoteGlobalIDString = A23CF792211981A700A76E8F;
			remoteInfo = Yasma;
		};
/* End PBXContainerItemProxy section */

/* Begin PBXFileReference section */
		1ACB46285429EEE26728F883 /* Pods_YasmaTests.framework */ = {isa = PBXFileReference; explicitFileType = wrapper.framework; includeInIndex = 0; path = Pods_YasmaTests.framework; sourceTree = BUILT_PRODUCTS_DIR; };
		1DA5AB3A26BF2762C4C023BA /* Pods_Yasma.framework */ = {isa = PBXFileReference; explicitFileType = wrapper.framework; includeInIndex = 0; path = Pods_Yasma.framework; sourceTree = BUILT_PRODUCTS_DIR; };
		334E1CF34747DC819C0E64A2 /* Pods-Yasma.debug.xcconfig */ = {isa = PBXFileReference; includeInIndex = 1; lastKnownFileType = text.xcconfig; name = "Pods-Yasma.debug.xcconfig"; path = "Pods/Target Support Files/Pods-Yasma/Pods-Yasma.debug.xcconfig"; sourceTree = "<group>"; };
		35009136F7ED0FCE7F9DF7AD /* Pods-YasmaUITests.debug.xcconfig */ = {isa = PBXFileReference; includeInIndex = 1; lastKnownFileType = text.xcconfig; name = "Pods-YasmaUITests.debug.xcconfig"; path = "Pods/Target Support Files/Pods-YasmaUITests/Pods-YasmaUITests.debug.xcconfig"; sourceTree = "<group>"; };
		63B9E283D05CCBF15DDE33C0 /* Pods-YasmaTests.debug.xcconfig */ = {isa = PBXFileReference; includeInIndex = 1; lastKnownFileType = text.xcconfig; name = "Pods-YasmaTests.debug.xcconfig"; path = "Pods/Target Support Files/Pods-YasmaTests/Pods-YasmaTests.debug.xcconfig"; sourceTree = "<group>"; };
		87A78DF6E7F6838E882DFB59 /* Pods_YasmaUITests.framework */ = {isa = PBXFileReference; explicitFileType = wrapper.framework; includeInIndex = 0; path = Pods_YasmaUITests.framework; sourceTree = BUILT_PRODUCTS_DIR; };
		A2075356211C7AB700206026 /* PostViewModel.swift */ = {isa = PBXFileReference; lastKnownFileType = sourcecode.swift; path = PostViewModel.swift; sourceTree = "<group>"; };
		A207535B211C7B0C00206026 /* PostModel.swift */ = {isa = PBXFileReference; lastKnownFileType = sourcecode.swift; path = PostModel.swift; sourceTree = "<group>"; };
		A2075360211C9F2200206026 /* PostTableViewCell.swift */ = {isa = PBXFileReference; lastKnownFileType = sourcecode.swift; path = PostTableViewCell.swift; sourceTree = "<group>"; };
		A2075364211CA16F00206026 /* ViewRouter.swift */ = {isa = PBXFileReference; lastKnownFileType = sourcecode.swift; name = ViewRouter.swift; path = /Users/kannan/Documents/Saba/Yasma/Yasma/Controllers/ViewRouter.swift; sourceTree = "<absolute>"; };
		A2075366211CA23700206026 /* PostViewRouter.swift */ = {isa = PBXFileReference; lastKnownFileType = sourcecode.swift; path = PostViewRouter.swift; sourceTree = "<group>"; };
		A2075368211CA2A900206026 /* PostPresenter.swift */ = {isa = PBXFileReference; lastKnownFileType = sourcecode.swift; path = PostPresenter.swift; sourceTree = "<group>"; };
		A207536A211CA2DA00206026 /* PostConfigurator.swift */ = {isa = PBXFileReference; lastKnownFileType = sourcecode.swift; path = PostConfigurator.swift; sourceTree = "<group>"; };
		A207536C211CC2A100206026 /* Post.swift */ = {isa = PBXFileReference; lastKnownFileType = sourcecode.swift; path = Post.swift; sourceTree = "<group>"; };
		A207536E211CD14F00206026 /* PostGateway.swift */ = {isa = PBXFileReference; lastKnownFileType = sourcecode.swift; path = PostGateway.swift; sourceTree = "<group>"; };
		A2075370211CD4E700206026 /* Result.swift */ = {isa = PBXFileReference; lastKnownFileType = sourcecode.swift; path = Result.swift; sourceTree = "<group>"; };
		A2075372211CD5E500206026 /* APIPostGateway.swift */ = {isa = PBXFileReference; lastKnownFileType = sourcecode.swift; path = APIPostGateway.swift; sourceTree = "<group>"; };
		A23CF793211981A700A76E8F /* Yasma.app */ = {isa = PBXFileReference; explicitFileType = wrapper.application; includeInIndex = 0; path = Yasma.app; sourceTree = BUILT_PRODUCTS_DIR; };
		A23CF796211981A700A76E8F /* AppDelegate.swift */ = {isa = PBXFileReference; lastKnownFileType = sourcecode.swift; path = AppDelegate.swift; sourceTree = "<group>"; };
		A23CF798211981A700A76E8F /* ViewController.swift */ = {isa = PBXFileReference; lastKnownFileType = sourcecode.swift; path = ViewController.swift; sourceTree = "<group>"; };
		A23CF79B211981A700A76E8F /* Base */ = {isa = PBXFileReference; lastKnownFileType = file.storyboard; name = Base; path = Base.lproj/Main.storyboard; sourceTree = "<group>"; };
		A23CF79E211981A700A76E8F /* Yasma.xcdatamodel */ = {isa = PBXFileReference; lastKnownFileType = wrapper.xcdatamodel; path = Yasma.xcdatamodel; sourceTree = "<group>"; };
		A23CF7A0211981A900A76E8F /* Assets.xcassets */ = {isa = PBXFileReference; lastKnownFileType = folder.assetcatalog; path = Assets.xcassets; sourceTree = "<group>"; };
		A23CF7A3211981A900A76E8F /* Base */ = {isa = PBXFileReference; lastKnownFileType = file.storyboard; name = Base; path = Base.lproj/LaunchScreen.storyboard; sourceTree = "<group>"; };
		A23CF7A5211981A900A76E8F /* Info.plist */ = {isa = PBXFileReference; lastKnownFileType = text.plist.xml; path = Info.plist; sourceTree = "<group>"; };
		A23CF7AA211981AA00A76E8F /* YasmaTests.xctest */ = {isa = PBXFileReference; explicitFileType = wrapper.cfbundle; includeInIndex = 0; path = YasmaTests.xctest; sourceTree = BUILT_PRODUCTS_DIR; };
		A23CF7AE211981AA00A76E8F /* YasmaTests.swift */ = {isa = PBXFileReference; lastKnownFileType = sourcecode.swift; path = YasmaTests.swift; sourceTree = "<group>"; };
		A23CF7B0211981AA00A76E8F /* Info.plist */ = {isa = PBXFileReference; lastKnownFileType = text.plist.xml; path = Info.plist; sourceTree = "<group>"; };
		A23CF7B5211981AA00A76E8F /* YasmaUITests.xctest */ = {isa = PBXFileReference; explicitFileType = wrapper.cfbundle; includeInIndex = 0; path = YasmaUITests.xctest; sourceTree = BUILT_PRODUCTS_DIR; };
		A23CF7B9211981AA00A76E8F /* YasmaUITests.swift */ = {isa = PBXFileReference; lastKnownFileType = sourcecode.swift; path = YasmaUITests.swift; sourceTree = "<group>"; };
		A23CF7BB211981AA00A76E8F /* Info.plist */ = {isa = PBXFileReference; lastKnownFileType = text.plist.xml; path = Info.plist; sourceTree = "<group>"; };
		A23CF7C72119CB7000A76E8F /* PostViewController.swift */ = {isa = PBXFileReference; lastKnownFileType = sourcecode.swift; path = PostViewController.swift; sourceTree = "<group>"; };
		A23CF7C92119CB7F00A76E8F /* AlbumViewController.swift */ = {isa = PBXFileReference; lastKnownFileType = sourcecode.swift; path = AlbumViewController.swift; sourceTree = "<group>"; };
		A23CF7CB2119CC7400A76E8F /* PostDetailViewController.swift */ = {isa = PBXFileReference; lastKnownFileType = sourcecode.swift; path = PostDetailViewController.swift; sourceTree = "<group>"; };
		A23CF7CD2119CC8200A76E8F /* AlbumDetailViewController.swift */ = {isa = PBXFileReference; lastKnownFileType = sourcecode.swift; path = AlbumDetailViewController.swift; sourceTree = "<group>"; };
		A23CF7D02119D8FE00A76E8F /* Webservice.swift */ = {isa = PBXFileReference; lastKnownFileType = sourcecode.swift; path = Webservice.swift; sourceTree = "<group>"; };
		AC1B45DBE63E14CFF2ACBC15 /* Pods-YasmaUITests.release.xcconfig */ = {isa = PBXFileReference; includeInIndex = 1; lastKnownFileType = text.xcconfig; name = "Pods-YasmaUITests.release.xcconfig"; path = "Pods/Target Support Files/Pods-YasmaUITests/Pods-YasmaUITests.release.xcconfig"; sourceTree = "<group>"; };
		FA47D997760216EFA0B1BEF9 /* Pods-YasmaTests.release.xcconfig */ = {isa = PBXFileReference; includeInIndex = 1; lastKnownFileType = text.xcconfig; name = "Pods-YasmaTests.release.xcconfig"; path = "Pods/Target Support Files/Pods-YasmaTests/Pods-YasmaTests.release.xcconfig"; sourceTree = "<group>"; };
		FCD6BB707EA42334FD64C5B2 /* Pods-Yasma.release.xcconfig */ = {isa = PBXFileReference; includeInIndex = 1; lastKnownFileType = text.xcconfig; name = "Pods-Yasma.release.xcconfig"; path = "Pods/Target Support Files/Pods-Yasma/Pods-Yasma.release.xcconfig"; sourceTree = "<group>"; };
/* End PBXFileReference section */

/* Begin PBXFrameworksBuildPhase section */
		A23CF790211981A700A76E8F /* Frameworks */ = {
			isa = PBXFrameworksBuildPhase;
			buildActionMask = 2147483647;
			files = (
				F8A1A9E18C6F76E9258CB1DB /* Pods_Yasma.framework in Frameworks */,
			);
			runOnlyForDeploymentPostprocessing = 0;
		};
		A23CF7A7211981AA00A76E8F /* Frameworks */ = {
			isa = PBXFrameworksBuildPhase;
			buildActionMask = 2147483647;
			files = (
				C584698D7B023D2AEB3C7FDC /* Pods_YasmaTests.framework in Frameworks */,
			);
			runOnlyForDeploymentPostprocessing = 0;
		};
		A23CF7B2211981AA00A76E8F /* Frameworks */ = {
			isa = PBXFrameworksBuildPhase;
			buildActionMask = 2147483647;
			files = (
				279A499F48295F712FC3C363 /* Pods_YasmaUITests.framework in Frameworks */,
			);
			runOnlyForDeploymentPostprocessing = 0;
		};
/* End PBXFrameworksBuildPhase section */

/* Begin PBXGroup section */
		0F2358F795B46188F06F6C3B /* Pods */ = {
			isa = PBXGroup;
			children = (
				334E1CF34747DC819C0E64A2 /* Pods-Yasma.debug.xcconfig */,
				FCD6BB707EA42334FD64C5B2 /* Pods-Yasma.release.xcconfig */,
				63B9E283D05CCBF15DDE33C0 /* Pods-YasmaTests.debug.xcconfig */,
				FA47D997760216EFA0B1BEF9 /* Pods-YasmaTests.release.xcconfig */,
				35009136F7ED0FCE7F9DF7AD /* Pods-YasmaUITests.debug.xcconfig */,
				AC1B45DBE63E14CFF2ACBC15 /* Pods-YasmaUITests.release.xcconfig */,
			);
			name = Pods;
			sourceTree = "<group>";
		};
		A2075355211C7A5F00206026 /* Core */ = {
			isa = PBXGroup;
			children = (
				A23CF7D02119D8FE00A76E8F /* Webservice.swift */,
				A207536E211CD14F00206026 /* PostGateway.swift */,
				A2075372211CD5E500206026 /* APIPostGateway.swift */,
				A2075370211CD4E700206026 /* Result.swift */,
			);
			path = Core;
			sourceTree = "<group>";
		};
		A2075358211C7ABC00206026 /* ViewModel */ = {
			isa = PBXGroup;
			children = (
				A2075356211C7AB700206026 /* PostViewModel.swift */,
			);
			path = ViewModel;
			sourceTree = "<group>";
		};
		A207535D211C7B0F00206026 /* Model */ = {
			isa = PBXGroup;
			children = (
				A207535B211C7B0C00206026 /* PostModel.swift */,
			);
			path = Model;
			sourceTree = "<group>";
		};
		A207535F211C9ED800206026 /* Posts */ = {
			isa = PBXGroup;
			children = (
				A207536A211CA2DA00206026 /* PostConfigurator.swift */,
				A2075368211CA2A900206026 /* PostPresenter.swift */,
				A23CF7C72119CB7000A76E8F /* PostViewController.swift */,
				A2075366211CA23700206026 /* PostViewRouter.swift */,
				A2075360211C9F2200206026 /* PostTableViewCell.swift */,
				A207536C211CC2A100206026 /* Post.swift */,
			);
			path = Posts;
			sourceTree = "<group>";
		};
		A23CF78A211981A600A76E8F = {
			isa = PBXGroup;
			children = (
				A23CF795211981A700A76E8F /* Yasma */,
				A23CF7AD211981AA00A76E8F /* YasmaTests */,
				A23CF7B8211981AA00A76E8F /* YasmaUITests */,
				A23CF794211981A700A76E8F /* Products */,
				0F2358F795B46188F06F6C3B /* Pods */,
				D557BF5FCF4127B563B536A7 /* Frameworks */,
			);
			sourceTree = "<group>";
		};
		A23CF794211981A700A76E8F /* Products */ = {
			isa = PBXGroup;
			children = (
				A23CF793211981A700A76E8F /* Yasma.app */,
				A23CF7AA211981AA00A76E8F /* YasmaTests.xctest */,
				A23CF7B5211981AA00A76E8F /* YasmaUITests.xctest */,
			);
			name = Products;
			sourceTree = "<group>";
		};
		A23CF795211981A700A76E8F /* Yasma */ = {
			isa = PBXGroup;
			children = (
				A23CF796211981A700A76E8F /* AppDelegate.swift */,
				A207535F211C9ED800206026 /* Posts */,
				A207535D211C7B0F00206026 /* Model */,
				A2075358211C7ABC00206026 /* ViewModel */,
				A2075355211C7A5F00206026 /* Core */,
				A23CF7CF2119D7EF00A76E8F /* Controllers */,
				A23CF7A0211981A900A76E8F /* Assets.xcassets */,
				A23CF79A211981A700A76E8F /* Main.storyboard */,
				A23CF7A2211981A900A76E8F /* LaunchScreen.storyboard */,
				A23CF7A5211981A900A76E8F /* Info.plist */,
				A23CF79D211981A700A76E8F /* Yasma.xcdatamodeld */,
			);
			path = Yasma;
			sourceTree = "<group>";
		};
		A23CF7AD211981AA00A76E8F /* YasmaTests */ = {
			isa = PBXGroup;
			children = (
				A23CF7AE211981AA00A76E8F /* YasmaTests.swift */,
				A23CF7B0211981AA00A76E8F /* Info.plist */,
			);
			path = YasmaTests;
			sourceTree = "<group>";
		};
		A23CF7B8211981AA00A76E8F /* YasmaUITests */ = {
			isa = PBXGroup;
			children = (
				A23CF7B9211981AA00A76E8F /* YasmaUITests.swift */,
				A23CF7BB211981AA00A76E8F /* Info.plist */,
			);
			path = YasmaUITests;
			sourceTree = "<group>";
		};
		A23CF7CF2119D7EF00A76E8F /* Controllers */ = {
			isa = PBXGroup;
			children = (
				A23CF798211981A700A76E8F /* ViewController.swift */,
				A23CF7C92119CB7F00A76E8F /* AlbumViewController.swift */,
				A23CF7CD2119CC8200A76E8F /* AlbumDetailViewController.swift */,
				A23CF7CB2119CC7400A76E8F /* PostDetailViewController.swift */,
				A2075364211CA16F00206026 /* ViewRouter.swift */,
			);
			path = Controllers;
			sourceTree = "<group>";
		};
		D557BF5FCF4127B563B536A7 /* Frameworks */ = {
			isa = PBXGroup;
			children = (
				1DA5AB3A26BF2762C4C023BA /* Pods_Yasma.framework */,
				1ACB46285429EEE26728F883 /* Pods_YasmaTests.framework */,
				87A78DF6E7F6838E882DFB59 /* Pods_YasmaUITests.framework */,
			);
			name = Frameworks;
			sourceTree = "<group>";
		};
/* End PBXGroup section */

/* Begin PBXNativeTarget section */
		A23CF792211981A700A76E8F /* Yasma */ = {
			isa = PBXNativeTarget;
			buildConfigurationList = A23CF7BE211981AA00A76E8F /* Build configuration list for PBXNativeTarget "Yasma" */;
			buildPhases = (
				77D9090D670D0782EA34A771 /* [CP] Check Pods Manifest.lock */,
				A23CF78F211981A700A76E8F /* Sources */,
				A23CF790211981A700A76E8F /* Frameworks */,
				A23CF791211981A700A76E8F /* Resources */,
				CBBDA7217B7FBA74B4B57CF0 /* [CP] Embed Pods Frameworks */,
			);
			buildRules = (
			);
			dependencies = (
			);
			name = Yasma;
			productName = Yasma;
			productReference = A23CF793211981A700A76E8F /* Yasma.app */;
			productType = "com.apple.product-type.application";
		};
		A23CF7A9211981AA00A76E8F /* YasmaTests */ = {
			isa = PBXNativeTarget;
			buildConfigurationList = A23CF7C1211981AA00A76E8F /* Build configuration list for PBXNativeTarget "YasmaTests" */;
			buildPhases = (
				4C59C41509E3F3193A6935DF /* [CP] Check Pods Manifest.lock */,
				A23CF7A6211981AA00A76E8F /* Sources */,
				A23CF7A7211981AA00A76E8F /* Frameworks */,
				A23CF7A8211981AA00A76E8F /* Resources */,
			);
			buildRules = (
			);
			dependencies = (
				A23CF7AC211981AA00A76E8F /* PBXTargetDependency */,
			);
			name = YasmaTests;
			productName = YasmaTests;
			productReference = A23CF7AA211981AA00A76E8F /* YasmaTests.xctest */;
			productType = "com.apple.product-type.bundle.unit-test";
		};
		A23CF7B4211981AA00A76E8F /* YasmaUITests */ = {
			isa = PBXNativeTarget;
			buildConfigurationList = A23CF7C4211981AA00A76E8F /* Build configuration list for PBXNativeTarget "YasmaUITests" */;
			buildPhases = (
				63305AE17080EFEEB605162C /* [CP] Check Pods Manifest.lock */,
				A23CF7B1211981AA00A76E8F /* Sources */,
				A23CF7B2211981AA00A76E8F /* Frameworks */,
				A23CF7B3211981AA00A76E8F /* Resources */,
			);
			buildRules = (
			);
			dependencies = (
				A23CF7B7211981AA00A76E8F /* PBXTargetDependency */,
			);
			name = YasmaUITests;
			productName = YasmaUITests;
			productReference = A23CF7B5211981AA00A76E8F /* YasmaUITests.xctest */;
			productType = "com.apple.product-type.bundle.ui-testing";
		};
/* End PBXNativeTarget section */

/* Begin PBXProject section */
		A23CF78B211981A600A76E8F /* Project object */ = {
			isa = PBXProject;
			attributes = {
				LastSwiftUpdateCheck = 0940;
				LastUpgradeCheck = 0940;
				ORGANIZATIONNAME = kanagasabapathy;
				TargetAttributes = {
					A23CF792211981A700A76E8F = {
						CreatedOnToolsVersion = 9.4.1;
					};
					A23CF7A9211981AA00A76E8F = {
						CreatedOnToolsVersion = 9.4.1;
						TestTargetID = A23CF792211981A700A76E8F;
					};
					A23CF7B4211981AA00A76E8F = {
						CreatedOnToolsVersion = 9.4.1;
						TestTargetID = A23CF792211981A700A76E8F;
					};
				};
			};
			buildConfigurationList = A23CF78E211981A600A76E8F /* Build configuration list for PBXProject "Yasma" */;
			compatibilityVersion = "Xcode 9.3";
			developmentRegion = en;
			hasScannedForEncodings = 0;
			knownRegions = (
				en,
				Base,
			);
			mainGroup = A23CF78A211981A600A76E8F;
			productRefGroup = A23CF794211981A700A76E8F /* Products */;
			projectDirPath = "";
			projectRoot = "";
			targets = (
				A23CF792211981A700A76E8F /* Yasma */,
				A23CF7A9211981AA00A76E8F /* YasmaTests */,
				A23CF7B4211981AA00A76E8F /* YasmaUITests */,
			);
		};
/* End PBXProject section */

/* Begin PBXResourcesBuildPhase section */
		A23CF791211981A700A76E8F /* Resources */ = {
			isa = PBXResourcesBuildPhase;
			buildActionMask = 2147483647;
			files = (
				A23CF7A4211981A900A76E8F /* LaunchScreen.storyboard in Resources */,
				A23CF7A1211981A900A76E8F /* Assets.xcassets in Resources */,
				A23CF79C211981A700A76E8F /* Main.storyboard in Resources */,
			);
			runOnlyForDeploymentPostprocessing = 0;
		};
		A23CF7A8211981AA00A76E8F /* Resources */ = {
			isa = PBXResourcesBuildPhase;
			buildActionMask = 2147483647;
			files = (
			);
			runOnlyForDeploymentPostprocessing = 0;
		};
		A23CF7B3211981AA00A76E8F /* Resources */ = {
			isa = PBXResourcesBuildPhase;
			buildActionMask = 2147483647;
			files = (
			);
			runOnlyForDeploymentPostprocessing = 0;
		};
/* End PBXResourcesBuildPhase section */

/* Begin PBXShellScriptBuildPhase section */
		4C59C41509E3F3193A6935DF /* [CP] Check Pods Manifest.lock */ = {
			isa = PBXShellScriptBuildPhase;
			buildActionMask = 2147483647;
			files = (
			);
			inputPaths = (
				"${PODS_PODFILE_DIR_PATH}/Podfile.lock",
				"${PODS_ROOT}/Manifest.lock",
			);
			name = "[CP] Check Pods Manifest.lock";
			outputPaths = (
				"$(DERIVED_FILE_DIR)/Pods-YasmaTests-checkManifestLockResult.txt",
			);
			runOnlyForDeploymentPostprocessing = 0;
			shellPath = /bin/sh;
			shellScript = "diff \"${PODS_PODFILE_DIR_PATH}/Podfile.lock\" \"${PODS_ROOT}/Manifest.lock\" > /dev/null\nif [ $? != 0 ] ; then\n    # print error to STDERR\n    echo \"error: The sandbox is not in sync with the Podfile.lock. Run 'pod install' or update your CocoaPods installation.\" >&2\n    exit 1\nfi\n# This output is used by Xcode 'outputs' to avoid re-running this script phase.\necho \"SUCCESS\" > \"${SCRIPT_OUTPUT_FILE_0}\"\n";
			showEnvVarsInLog = 0;
		};
		63305AE17080EFEEB605162C /* [CP] Check Pods Manifest.lock */ = {
			isa = PBXShellScriptBuildPhase;
			buildActionMask = 2147483647;
			files = (
			);
			inputPaths = (
				"${PODS_PODFILE_DIR_PATH}/Podfile.lock",
				"${PODS_ROOT}/Manifest.lock",
			);
			name = "[CP] Check Pods Manifest.lock";
			outputPaths = (
				"$(DERIVED_FILE_DIR)/Pods-YasmaUITests-checkManifestLockResult.txt",
			);
			runOnlyForDeploymentPostprocessing = 0;
			shellPath = /bin/sh;
			shellScript = "diff \"${PODS_PODFILE_DIR_PATH}/Podfile.lock\" \"${PODS_ROOT}/Manifest.lock\" > /dev/null\nif [ $? != 0 ] ; then\n    # print error to STDERR\n    echo \"error: The sandbox is not in sync with the Podfile.lock. Run 'pod install' or update your CocoaPods installation.\" >&2\n    exit 1\nfi\n# This output is used by Xcode 'outputs' to avoid re-running this script phase.\necho \"SUCCESS\" > \"${SCRIPT_OUTPUT_FILE_0}\"\n";
			showEnvVarsInLog = 0;
		};
		77D9090D670D0782EA34A771 /* [CP] Check Pods Manifest.lock */ = {
			isa = PBXShellScriptBuildPhase;
			buildActionMask = 12;
			files = (
			);
			inputPaths = (
				"${PODS_PODFILE_DIR_PATH}/Podfile.lock",
				"${PODS_ROOT}/Manifest.lock",
			);
			name = "[CP] Check Pods Manifest.lock";
			outputPaths = (
				"$(DERIVED_FILE_DIR)/Pods-Yasma-checkManifestLockResult.txt",
			);
			runOnlyForDeploymentPostprocessing = 0;
			shellPath = /bin/sh;
			shellScript = "diff \"${PODS_PODFILE_DIR_PATH}/Podfile.lock\" \"${PODS_ROOT}/Manifest.lock\" > /dev/null\nif [ $? != 0 ] ; then\n    # print error to STDERR\n    echo \"error: The sandbox is not in sync with the Podfile.lock. Run 'pod install' or update your CocoaPods installation.\" >&2\n    exit 1\nfi\n# This output is used by Xcode 'outputs' to avoid re-running this script phase.\necho \"SUCCESS\" > \"${SCRIPT_OUTPUT_FILE_0}\"\n";
			showEnvVarsInLog = 0;
		};
		CBBDA7217B7FBA74B4B57CF0 /* [CP] Embed Pods Frameworks */ = {
			isa = PBXShellScriptBuildPhase;
			buildActionMask = 2147483647;
			files = (
			);
			inputPaths = (
				"${SRCROOT}/Pods/Target Support Files/Pods-Yasma/Pods-Yasma-frameworks.sh",
				"${BUILT_PRODUCTS_DIR}/Alamofire/Alamofire.framework",
			);
			name = "[CP] Embed Pods Frameworks";
			outputPaths = (
				"${TARGET_BUILD_DIR}/${FRAMEWORKS_FOLDER_PATH}/Alamofire.framework",
			);
			runOnlyForDeploymentPostprocessing = 0;
			shellPath = /bin/sh;
			shellScript = "\"${SRCROOT}/Pods/Target Support Files/Pods-Yasma/Pods-Yasma-frameworks.sh\"\n";
			showEnvVarsInLog = 0;
		};
/* End PBXShellScriptBuildPhase section */

/* Begin PBXSourcesBuildPhase section */
		A23CF78F211981A700A76E8F /* Sources */ = {
			isa = PBXSourcesBuildPhase;
			buildActionMask = 2147483647;
			files = (
				A2075371211CD4E700206026 /* Result.swift in Sources */,
				A2075361211C9F2200206026 /* PostTableViewCell.swift in Sources */,
				A23CF7C82119CB7000A76E8F /* PostViewController.swift in Sources */,
				A207535C211C7B0C00206026 /* PostModel.swift in Sources */,
				A2075367211CA23700206026 /* PostViewRouter.swift in Sources */,
				A2075365211CA16F00206026 /* ViewRouter.swift in Sources */,
				A23CF7CC2119CC7400A76E8F /* PostDetailViewController.swift in Sources */,
				A207536B211CA2DA00206026 /* PostConfigurator.swift in Sources */,
				A2075373211CD5E500206026 /* APIPostGateway.swift in Sources */,
				A2075369211CA2A900206026 /* PostPresenter.swift in Sources */,
				A23CF7D12119D8FE00A76E8F /* Webservice.swift in Sources */,
				A23CF7CA2119CB7F00A76E8F /* AlbumViewController.swift in Sources */,
				A23CF799211981A700A76E8F /* ViewController.swift in Sources */,
				A207536F211CD14F00206026 /* PostGateway.swift in Sources */,
				A207536D211CC2A100206026 /* Post.swift in Sources */,
				A23CF7CE2119CC8200A76E8F /* AlbumDetailViewController.swift in Sources */,
				A2075357211C7AB800206026 /* PostViewModel.swift in Sources */,
				A23CF797211981A700A76E8F /* AppDelegate.swift in Sources */,
				A23CF79F211981A700A76E8F /* Yasma.xcdatamodeld in Sources */,
			);
			runOnlyForDeploymentPostprocessing = 0;
		};
		A23CF7A6211981AA00A76E8F /* Sources */ = {
			isa = PBXSourcesBuildPhase;
			buildActionMask = 2147483647;
			files = (
				A23CF7AF211981AA00A76E8F /* YasmaTests.swift in Sources */,
			);
			runOnlyForDeploymentPostprocessing = 0;
		};
		A23CF7B1211981AA00A76E8F /* Sources */ = {
			isa = PBXSourcesBuildPhase;
			buildActionMask = 2147483647;
			files = (
				A23CF7BA211981AA00A76E8F /* YasmaUITests.swift in Sources */,
			);
			runOnlyForDeploymentPostprocessing = 0;
		};
/* End PBXSourcesBuildPhase section */

/* Begin PBXTargetDependency section */
		A23CF7AC211981AA00A76E8F /* PBXTargetDependency */ = {
			isa = PBXTargetDependency;
			target = A23CF792211981A700A76E8F /* Yasma */;
			targetProxy = A23CF7AB211981AA00A76E8F /* PBXContainerItemProxy */;
		};
		A23CF7B7211981AA00A76E8F /* PBXTargetDependency */ = {
			isa = PBXTargetDependency;
			target = A23CF792211981A700A76E8F /* Yasma */;
			targetProxy = A23CF7B6211981AA00A76E8F /* PBXContainerItemProxy */;
		};
/* End PBXTargetDependency section */

/* Begin PBXVariantGroup section */
		A23CF79A211981A700A76E8F /* Main.storyboard */ = {
			isa = PBXVariantGroup;
			children = (
				A23CF79B211981A700A76E8F /* Base */,
			);
			name = Main.storyboard;
			sourceTree = "<group>";
		};
		A23CF7A2211981A900A76E8F /* LaunchScreen.storyboard */ = {
			isa = PBXVariantGroup;
			children = (
				A23CF7A3211981A900A76E8F /* Base */,
			);
			name = LaunchScreen.storyboard;
			sourceTree = "<group>";
		};
/* End PBXVariantGroup section */

/* Begin XCBuildConfiguration section */
		A23CF7BC211981AA00A76E8F /* Debug */ = {
			isa = XCBuildConfiguration;
			buildSettings = {
				ALWAYS_SEARCH_USER_PATHS = NO;
				CLANG_ANALYZER_NONNULL = YES;
				CLANG_ANALYZER_NUMBER_OBJECT_CONVERSION = YES_AGGRESSIVE;
				CLANG_CXX_LANGUAGE_STANDARD = "gnu++14";
				CLANG_CXX_LIBRARY = "libc++";
				CLANG_ENABLE_MODULES = YES;
				CLANG_ENABLE_OBJC_ARC = YES;
				CLANG_ENABLE_OBJC_WEAK = YES;
				CLANG_WARN_BLOCK_CAPTURE_AUTORELEASING = YES;
				CLANG_WARN_BOOL_CONVERSION = YES;
				CLANG_WARN_COMMA = YES;
				CLANG_WARN_CONSTANT_CONVERSION = YES;
				CLANG_WARN_DEPRECATED_OBJC_IMPLEMENTATIONS = YES;
				CLANG_WARN_DIRECT_OBJC_ISA_USAGE = YES_ERROR;
				CLANG_WARN_DOCUMENTATION_COMMENTS = YES;
				CLANG_WARN_EMPTY_BODY = YES;
				CLANG_WARN_ENUM_CONVERSION = YES;
				CLANG_WARN_INFINITE_RECURSION = YES;
				CLANG_WARN_INT_CONVERSION = YES;
				CLANG_WARN_NON_LITERAL_NULL_CONVERSION = YES;
				CLANG_WARN_OBJC_IMPLICIT_RETAIN_SELF = YES;
				CLANG_WARN_OBJC_LITERAL_CONVERSION = YES;
				CLANG_WARN_OBJC_ROOT_CLASS = YES_ERROR;
				CLANG_WARN_RANGE_LOOP_ANALYSIS = YES;
				CLANG_WARN_STRICT_PROTOTYPES = YES;
				CLANG_WARN_SUSPICIOUS_MOVE = YES;
				CLANG_WARN_UNGUARDED_AVAILABILITY = YES_AGGRESSIVE;
				CLANG_WARN_UNREACHABLE_CODE = YES;
				CLANG_WARN__DUPLICATE_METHOD_MATCH = YES;
				CODE_SIGN_IDENTITY = "iPhone Developer";
				COPY_PHASE_STRIP = NO;
				DEBUG_INFORMATION_FORMAT = dwarf;
				ENABLE_STRICT_OBJC_MSGSEND = YES;
				ENABLE_TESTABILITY = YES;
				GCC_C_LANGUAGE_STANDARD = gnu11;
				GCC_DYNAMIC_NO_PIC = NO;
				GCC_NO_COMMON_BLOCKS = YES;
				GCC_OPTIMIZATION_LEVEL = 0;
				GCC_PREPROCESSOR_DEFINITIONS = (
					"DEBUG=1",
					"$(inherited)",
				);
				GCC_WARN_64_TO_32_BIT_CONVERSION = YES;
				GCC_WARN_ABOUT_RETURN_TYPE = YES_ERROR;
				GCC_WARN_UNDECLARED_SELECTOR = YES;
				GCC_WARN_UNINITIALIZED_AUTOS = YES_AGGRESSIVE;
				GCC_WARN_UNUSED_FUNCTION = YES;
				GCC_WARN_UNUSED_VARIABLE = YES;
				IPHONEOS_DEPLOYMENT_TARGET = 11.4;
				MTL_ENABLE_DEBUG_INFO = YES;
				ONLY_ACTIVE_ARCH = YES;
				SDKROOT = iphoneos;
				SWIFT_ACTIVE_COMPILATION_CONDITIONS = DEBUG;
				SWIFT_OPTIMIZATION_LEVEL = "-Onone";
			};
			name = Debug;
		};
		A23CF7BD211981AA00A76E8F /* Release */ = {
			isa = XCBuildConfiguration;
			buildSettings = {
				ALWAYS_SEARCH_USER_PATHS = NO;
				CLANG_ANALYZER_NONNULL = YES;
				CLANG_ANALYZER_NUMBER_OBJECT_CONVERSION = YES_AGGRESSIVE;
				CLANG_CXX_LANGUAGE_STANDARD = "gnu++14";
				CLANG_CXX_LIBRARY = "libc++";
				CLANG_ENABLE_MODULES = YES;
				CLANG_ENABLE_OBJC_ARC = YES;
				CLANG_ENABLE_OBJC_WEAK = YES;
				CLANG_WARN_BLOCK_CAPTURE_AUTORELEASING = YES;
				CLANG_WARN_BOOL_CONVERSION = YES;
				CLANG_WARN_COMMA = YES;
				CLANG_WARN_CONSTANT_CONVERSION = YES;
				CLANG_WARN_DEPRECATED_OBJC_IMPLEMENTATIONS = YES;
				CLANG_WARN_DIRECT_OBJC_ISA_USAGE = YES_ERROR;
				CLANG_WARN_DOCUMENTATION_COMMENTS = YES;
				CLANG_WARN_EMPTY_BODY = YES;
				CLANG_WARN_ENUM_CONVERSION = YES;
				CLANG_WARN_INFINITE_RECURSION = YES;
				CLANG_WARN_INT_CONVERSION = YES;
				CLANG_WARN_NON_LITERAL_NULL_CONVERSION = YES;
				CLANG_WARN_OBJC_IMPLICIT_RETAIN_SELF = YES;
				CLANG_WARN_OBJC_LITERAL_CONVERSION = YES;
				CLANG_WARN_OBJC_ROOT_CLASS = YES_ERROR;
				CLANG_WARN_RANGE_LOOP_ANALYSIS = YES;
				CLANG_WARN_STRICT_PROTOTYPES = YES;
				CLANG_WARN_SUSPICIOUS_MOVE = YES;
				CLANG_WARN_UNGUARDED_AVAILABILITY = YES_AGGRESSIVE;
				CLANG_WARN_UNREACHABLE_CODE = YES;
				CLANG_WARN__DUPLICATE_METHOD_MATCH = YES;
				CODE_SIGN_IDENTITY = "iPhone Developer";
				COPY_PHASE_STRIP = NO;
				DEBUG_INFORMATION_FORMAT = "dwarf-with-dsym";
				ENABLE_NS_ASSERTIONS = NO;
				ENABLE_STRICT_OBJC_MSGSEND = YES;
				GCC_C_LANGUAGE_STANDARD = gnu11;
				GCC_NO_COMMON_BLOCKS = YES;
				GCC_WARN_64_TO_32_BIT_CONVERSION = YES;
				GCC_WARN_ABOUT_RETURN_TYPE = YES_ERROR;
				GCC_WARN_UNDECLARED_SELECTOR = YES;
				GCC_WARN_UNINITIALIZED_AUTOS = YES_AGGRESSIVE;
				GCC_WARN_UNUSED_FUNCTION = YES;
				GCC_WARN_UNUSED_VARIABLE = YES;
				IPHONEOS_DEPLOYMENT_TARGET = 11.4;
				MTL_ENABLE_DEBUG_INFO = NO;
				SDKROOT = iphoneos;
				SWIFT_COMPILATION_MODE = wholemodule;
				SWIFT_OPTIMIZATION_LEVEL = "-O";
				VALIDATE_PRODUCT = YES;
			};
			name = Release;
		};
		A23CF7BF211981AA00A76E8F /* Debug */ = {
			isa = XCBuildConfiguration;
			baseConfigurationReference = 334E1CF34747DC819C0E64A2 /* Pods-Yasma.debug.xcconfig */;
			buildSettings = {
				ASSETCATALOG_COMPILER_APPICON_NAME = AppIcon;
				CODE_SIGN_STYLE = Automatic;
				INFOPLIST_FILE = Yasma/Info.plist;
				LD_RUNPATH_SEARCH_PATHS = (
					"$(inherited)",
					"@executable_path/Frameworks",
				);
				PRODUCT_BUNDLE_IDENTIFIER = com.masterview.Yasma;
				PRODUCT_NAME = "$(TARGET_NAME)";
				SWIFT_VERSION = 4.0;
				TARGETED_DEVICE_FAMILY = "1,2";
			};
			name = Debug;
		};
		A23CF7C0211981AA00A76E8F /* Release */ = {
			isa = XCBuildConfiguration;
			baseConfigurationReference = FCD6BB707EA42334FD64C5B2 /* Pods-Yasma.release.xcconfig */;
			buildSettings = {
				ASSETCATALOG_COMPILER_APPICON_NAME = AppIcon;
				CODE_SIGN_STYLE = Automatic;
				INFOPLIST_FILE = Yasma/Info.plist;
				LD_RUNPATH_SEARCH_PATHS = (
					"$(inherited)",
					"@executable_path/Frameworks",
				);
				PRODUCT_BUNDLE_IDENTIFIER = com.masterview.Yasma;
				PRODUCT_NAME = "$(TARGET_NAME)";
				SWIFT_VERSION = 4.0;
				TARGETED_DEVICE_FAMILY = "1,2";
			};
			name = Release;
		};
		A23CF7C2211981AA00A76E8F /* Debug */ = {
			isa = XCBuildConfiguration;
			baseConfigurationReference = 63B9E283D05CCBF15DDE33C0 /* Pods-YasmaTests.debug.xcconfig */;
			buildSettings = {
				ALWAYS_EMBED_SWIFT_STANDARD_LIBRARIES = YES;
				BUNDLE_LOADER = "$(TEST_HOST)";
				CODE_SIGN_STYLE = Automatic;
				INFOPLIST_FILE = YasmaTests/Info.plist;
				LD_RUNPATH_SEARCH_PATHS = (
					"$(inherited)",
					"@executable_path/Frameworks",
					"@loader_path/Frameworks",
				);
				PRODUCT_BUNDLE_IDENTIFIER = com.masterview.YasmaTests;
				PRODUCT_NAME = "$(TARGET_NAME)";
				SWIFT_VERSION = 4.0;
				TARGETED_DEVICE_FAMILY = "1,2";
				TEST_HOST = "$(BUILT_PRODUCTS_DIR)/Yasma.app/Yasma";
			};
			name = Debug;
		};
		A23CF7C3211981AA00A76E8F /* Release */ = {
			isa = XCBuildConfiguration;
			baseConfigurationReference = FA47D997760216EFA0B1BEF9 /* Pods-YasmaTests.release.xcconfig */;
			buildSettings = {
				ALWAYS_EMBED_SWIFT_STANDARD_LIBRARIES = YES;
				BUNDLE_LOADER = "$(TEST_HOST)";
				CODE_SIGN_STYLE = Automatic;
				INFOPLIST_FILE = YasmaTests/Info.plist;
				LD_RUNPATH_SEARCH_PATHS = (
					"$(inherited)",
					"@executable_path/Frameworks",
					"@loader_path/Frameworks",
				);
				PRODUCT_BUNDLE_IDENTIFIER = com.masterview.YasmaTests;
				PRODUCT_NAME = "$(TARGET_NAME)";
				SWIFT_VERSION = 4.0;
				TARGETED_DEVICE_FAMILY = "1,2";
				TEST_HOST = "$(BUILT_PRODUCTS_DIR)/Yasma.app/Yasma";
			};
			name = Release;
		};
		A23CF7C5211981AA00A76E8F /* Debug */ = {
			isa = XCBuildConfiguration;
			baseConfigurationReference = 35009136F7ED0FCE7F9DF7AD /* Pods-YasmaUITests.debug.xcconfig */;
			buildSettings = {
				ALWAYS_EMBED_SWIFT_STANDARD_LIBRARIES = YES;
				CODE_SIGN_STYLE = Automatic;
				INFOPLIST_FILE = YasmaUITests/Info.plist;
				LD_RUNPATH_SEARCH_PATHS = (
					"$(inherited)",
					"@executable_path/Frameworks",
					"@loader_path/Frameworks",
				);
				PRODUCT_BUNDLE_IDENTIFIER = com.masterview.YasmaUITests;
				PRODUCT_NAME = "$(TARGET_NAME)";
				SWIFT_VERSION = 4.0;
				TARGETED_DEVICE_FAMILY = "1,2";
				TEST_TARGET_NAME = Yasma;
			};
			name = Debug;
		};
		A23CF7C6211981AA00A76E8F /* Release */ = {
			isa = XCBuildConfiguration;
			baseConfigurationReference = AC1B45DBE63E14CFF2ACBC15 /* Pods-YasmaUITests.release.xcconfig */;
			buildSettings = {
				ALWAYS_EMBED_SWIFT_STANDARD_LIBRARIES = YES;
				CODE_SIGN_STYLE = Automatic;
				INFOPLIST_FILE = YasmaUITests/Info.plist;
				LD_RUNPATH_SEARCH_PATHS = (
					"$(inherited)",
					"@executable_path/Frameworks",
					"@loader_path/Frameworks",
				);
				PRODUCT_BUNDLE_IDENTIFIER = com.masterview.YasmaUITests;
				PRODUCT_NAME = "$(TARGET_NAME)";
				SWIFT_VERSION = 4.0;
				TARGETED_DEVICE_FAMILY = "1,2";
				TEST_TARGET_NAME = Yasma;
			};
			name = Release;
		};
/* End XCBuildConfiguration section */

/* Begin XCConfigurationList section */
		A23CF78E211981A600A76E8F /* Build configuration list for PBXProject "Yasma" */ = {
			isa = XCConfigurationList;
			buildConfigurations = (
				A23CF7BC211981AA00A76E8F /* Debug */,
				A23CF7BD211981AA00A76E8F /* Release */,
			);
			defaultConfigurationIsVisible = 0;
			defaultConfigurationName = Release;
		};
		A23CF7BE211981AA00A76E8F /* Build configuration list for PBXNativeTarget "Yasma" */ = {
			isa = XCConfigurationList;
			buildConfigurations = (
				A23CF7BF211981AA00A76E8F /* Debug */,
				A23CF7C0211981AA00A76E8F /* Release */,
			);
			defaultConfigurationIsVisible = 0;
			defaultConfigurationName = Release;
		};
		A23CF7C1211981AA00A76E8F /* Build configuration list for PBXNativeTarget "YasmaTests" */ = {
			isa = XCConfigurationList;
			buildConfigurations = (
				A23CF7C2211981AA00A76E8F /* Debug */,
				A23CF7C3211981AA00A76E8F /* Release */,
			);
			defaultConfigurationIsVisible = 0;
			defaultConfigurationName = Release;
		};
		A23CF7C4211981AA00A76E8F /* Build configuration list for PBXNativeTarget "YasmaUITests" */ = {
			isa = XCConfigurationList;
			buildConfigurations = (
				A23CF7C5211981AA00A76E8F /* Debug */,
				A23CF7C6211981AA00A76E8F /* Release */,
			);
			defaultConfigurationIsVisible = 0;
			defaultConfigurationName = Release;
		};
/* End XCConfigurationList section */

/* Begin XCVersionGroup section */
		A23CF79D211981A700A76E8F /* Yasma.xcdatamodeld */ = {
			isa = XCVersionGroup;
			children = (
				A23CF79E211981A700A76E8F /* Yasma.xcdatamodel */,
			);
			currentVersion = A23CF79E211981A700A76E8F /* Yasma.xcdatamodel */;
			path = Yasma.xcdatamodeld;
			sourceTree = "<group>";
			versionGroupType = wrapper.xcdatamodel;
		};
/* End XCVersionGroup section */
	};
	rootObject = A23CF78B211981A600A76E8F /* Project object */;
}
